// !$*UTF8*$!
{
	archiveVersion = 1;
	classes = {
	};
	objectVersion = 50;
	objects = {

/* Begin PBXBuildFile section */
		C419F09B2202FBFC00D881F1 /* AppDelegate.swift in Sources */ = {isa = PBXBuildFile; fileRef = C419F09A2202FBFC00D881F1 /* AppDelegate.swift */; };
		C419F09D2202FBFC00D881F1 /* CoordinatorViewController.swift in Sources */ = {isa = PBXBuildFile; fileRef = C419F09C2202FBFC00D881F1 /* CoordinatorViewController.swift */; };
		C419F0A02202FBFC00D881F1 /* Main.storyboard in Resources */ = {isa = PBXBuildFile; fileRef = C419F09E2202FBFC00D881F1 /* Main.storyboard */; };
		C419F0A22202FBFE00D881F1 /* Assets.xcassets in Resources */ = {isa = PBXBuildFile; fileRef = C419F0A12202FBFE00D881F1 /* Assets.xcassets */; };
		C419F0A52202FBFE00D881F1 /* LaunchScreen.storyboard in Resources */ = {isa = PBXBuildFile; fileRef = C419F0A32202FBFE00D881F1 /* LaunchScreen.storyboard */; };
		C419F0B82202FDC400D881F1 /* Storyboarded.swift in Sources */ = {isa = PBXBuildFile; fileRef = C419F0B72202FDC400D881F1 /* Storyboarded.swift */; };
		C419F0BC2202FEFD00D881F1 /* DataReceiver.swift in Sources */ = {isa = PBXBuildFile; fileRef = C419F0BB2202FEFD00D881F1 /* DataReceiver.swift */; };
		C419F0BE2202FF5300D881F1 /* StringReceiverViewController.swift in Sources */ = {isa = PBXBuildFile; fileRef = C419F0BD2202FF5300D881F1 /* StringReceiverViewController.swift */; };
		C419F0C32203020000D881F1 /* UIViewController+Extensions.swift in Sources */ = {isa = PBXBuildFile; fileRef = C419F0C22203020000D881F1 /* UIViewController+Extensions.swift */; };
		C419F0C5220303B900D881F1 /* WelcomeViewController.swift in Sources */ = {isa = PBXBuildFile; fileRef = C419F0C4220303B900D881F1 /* WelcomeViewController.swift */; };
		C419F0C7220306BA00D881F1 /* HomeViewController.swift in Sources */ = {isa = PBXBuildFile; fileRef = C419F0C6220306BA00D881F1 /* HomeViewController.swift */; };
		C419F0C9220307FF00D881F1 /* UIView+Extensions.swift in Sources */ = {isa = PBXBuildFile; fileRef = C419F0C8220307FF00D881F1 /* UIView+Extensions.swift */; };
		C419F0CC220329D200D881F1 /* AppDelegate+Extensions.swift in Sources */ = {isa = PBXBuildFile; fileRef = C419F0CB220329D200D881F1 /* AppDelegate+Extensions.swift */; };
		C419F0CE220329EC00D881F1 /* ModalViewController.swift in Sources */ = {isa = PBXBuildFile; fileRef = C419F0CD220329EC00D881F1 /* ModalViewController.swift */; };
/* End PBXBuildFile section */

/* Begin PBXFileReference section */
		C419F0972202FBFC00D881F1 /* VCC.app */ = {isa = PBXFileReference; explicitFileType = wrapper.application; includeInIndex = 0; path = VCC.app; sourceTree = BUILT_PRODUCTS_DIR; };
		C419F09A2202FBFC00D881F1 /* AppDelegate.swift */ = {isa = PBXFileReference; lastKnownFileType = sourcecode.swift; path = AppDelegate.swift; sourceTree = "<group>"; };
		C419F09C2202FBFC00D881F1 /* CoordinatorViewController.swift */ = {isa = PBXFileReference; lastKnownFileType = sourcecode.swift; path = CoordinatorViewController.swift; sourceTree = "<group>"; };
		C419F09F2202FBFC00D881F1 /* Base */ = {isa = PBXFileReference; lastKnownFileType = file.storyboard; name = Base; path = Base.lproj/Main.storyboard; sourceTree = "<group>"; };
		C419F0A12202FBFE00D881F1 /* Assets.xcassets */ = {isa = PBXFileReference; lastKnownFileType = folder.assetcatalog; path = Assets.xcassets; sourceTree = "<group>"; };
		C419F0A42202FBFE00D881F1 /* Base */ = {isa = PBXFileReference; lastKnownFileType = file.storyboard; name = Base; path = Base.lproj/LaunchScreen.storyboard; sourceTree = "<group>"; };
		C419F0A62202FBFE00D881F1 /* Info.plist */ = {isa = PBXFileReference; lastKnownFileType = text.plist.xml; path = Info.plist; sourceTree = "<group>"; };
		C419F0B72202FDC400D881F1 /* Storyboarded.swift */ = {isa = PBXFileReference; lastKnownFileType = sourcecode.swift; path = Storyboarded.swift; sourceTree = "<group>"; };
		C419F0BB2202FEFD00D881F1 /* DataReceiver.swift */ = {isa = PBXFileReference; lastKnownFileType = sourcecode.swift; path = DataReceiver.swift; sourceTree = "<group>"; };
		C419F0BD2202FF5300D881F1 /* StringReceiverViewController.swift */ = {isa = PBXFileReference; lastKnownFileType = sourcecode.swift; path = StringReceiverViewController.swift; sourceTree = "<group>"; };
		C419F0C22203020000D881F1 /* UIViewController+Extensions.swift */ = {isa = PBXFileReference; fileEncoding = 4; lastKnownFileType = sourcecode.swift; path = "UIViewController+Extensions.swift"; sourceTree = "<group>"; };
		C419F0C4220303B900D881F1 /* WelcomeViewController.swift */ = {isa = PBXFileReference; lastKnownFileType = sourcecode.swift; path = WelcomeViewController.swift; sourceTree = "<group>"; };
		C419F0C6220306BA00D881F1 /* HomeViewController.swift */ = {isa = PBXFileReference; lastKnownFileType = sourcecode.swift; path = HomeViewController.swift; sourceTree = "<group>"; };
		C419F0C8220307FF00D881F1 /* UIView+Extensions.swift */ = {isa = PBXFileReference; fileEncoding = 4; lastKnownFileType = sourcecode.swift; path = "UIView+Extensions.swift"; sourceTree = "<group>"; };
		C419F0CB220329D200D881F1 /* AppDelegate+Extensions.swift */ = {isa = PBXFileReference; fileEncoding = 4; lastKnownFileType = sourcecode.swift; path = "AppDelegate+Extensions.swift"; sourceTree = "<group>"; };
		C419F0CD220329EC00D881F1 /* ModalViewController.swift */ = {isa = PBXFileReference; lastKnownFileType = sourcecode.swift; path = ModalViewController.swift; sourceTree = "<group>"; };
/* End PBXFileReference section */

/* Begin PBXFrameworksBuildPhase section */
		C419F0942202FBFC00D881F1 /* Frameworks */ = {
			isa = PBXFrameworksBuildPhase;
			buildActionMask = 2147483647;
			files = (
			);
			runOnlyForDeploymentPostprocessing = 0;
		};
/* End PBXFrameworksBuildPhase section */

/* Begin PBXGroup section */
		C419F08E2202FBFC00D881F1 = {
			isa = PBXGroup;
			children = (
				C419F0992202FBFC00D881F1 /* VCC */,
				C419F0982202FBFC00D881F1 /* Products */,
			);
			sourceTree = "<group>";
		};
		C419F0982202FBFC00D881F1 /* Products */ = {
			isa = PBXGroup;
			children = (
				C419F0972202FBFC00D881F1 /* VCC.app */,
			);
			name = Products;
			sourceTree = "<group>";
		};
		C419F0992202FBFC00D881F1 /* VCC */ = {
			isa = PBXGroup;
			children = (
				C419F0BF2203008B00D881F1 /* Extensions */,
				C419F0B42202FC9A00D881F1 /* Protocols */,
				C419F0B02202FC4E00D881F1 /* Storyboards */,
				C419F0B32202FC6A00D881F1 /* View Controllers */,
				C419F0AD2202FC2500D881F1 /* Supporting Files */,
			);
			path = VCC;
			sourceTree = "<group>";
		};
		C419F0AC2202FC1300D881F1 /* Application Delegate */ = {
			isa = PBXGroup;
			children = (
				C419F09A2202FBFC00D881F1 /* AppDelegate.swift */,
			);
			path = "Application Delegate";
			sourceTree = "<group>";
		};
		C419F0AD2202FC2500D881F1 /* Supporting Files */ = {
			isa = PBXGroup;
			children = (
				C419F0AC2202FC1300D881F1 /* Application Delegate */,
				C419F0A12202FBFE00D881F1 /* Assets.xcassets */,
				C419F0A62202FBFE00D881F1 /* Info.plist */,
			);
			name = "Supporting Files";
			sourceTree = "<group>";
		};
		C419F0B02202FC4E00D881F1 /* Storyboards */ = {
			isa = PBXGroup;
			children = (
				C419F0A32202FBFE00D881F1 /* LaunchScreen.storyboard */,
				C419F09E2202FBFC00D881F1 /* Main.storyboard */,
			);
			path = Storyboards;
			sourceTree = "<group>";
		};
		C419F0B32202FC6A00D881F1 /* View Controllers */ = {
			isa = PBXGroup;
			children = (
				C419F09C2202FBFC00D881F1 /* CoordinatorViewController.swift */,
				C419F0BD2202FF5300D881F1 /* StringReceiverViewController.swift */,
				C419F0C4220303B900D881F1 /* WelcomeViewController.swift */,
				C419F0C6220306BA00D881F1 /* HomeViewController.swift */,
				C419F0CD220329EC00D881F1 /* ModalViewController.swift */,
			);
			path = "View Controllers";
			sourceTree = "<group>";
		};
		C419F0B42202FC9A00D881F1 /* Protocols */ = {
			isa = PBXGroup;
			children = (
				C419F0B72202FDC400D881F1 /* Storyboarded.swift */,
				C419F0BB2202FEFD00D881F1 /* DataReceiver.swift */,
			);
			path = Protocols;
			sourceTree = "<group>";
		};
		C419F0BF2203008B00D881F1 /* Extensions */ = {
			isa = PBXGroup;
			children = (
				C419F0C22203020000D881F1 /* UIViewController+Extensions.swift */,
				C419F0C8220307FF00D881F1 /* UIView+Extensions.swift */,
				C419F0CB220329D200D881F1 /* AppDelegate+Extensions.swift */,
			);
			path = Extensions;
			sourceTree = "<group>";
		};
/* End PBXGroup section */

/* Begin PBXNativeTarget section */
		C419F0962202FBFC00D881F1 /* VCC */ = {
			isa = PBXNativeTarget;
			buildConfigurationList = C419F0A92202FBFE00D881F1 /* Build configuration list for PBXNativeTarget "VCC" */;
			buildPhases = (
				C419F0932202FBFC00D881F1 /* Sources */,
				C419F0942202FBFC00D881F1 /* Frameworks */,
				C419F0952202FBFC00D881F1 /* Resources */,
			);
			buildRules = (
			);
			dependencies = (
			);
			name = VCC;
			productName = VCC;
			productReference = C419F0972202FBFC00D881F1 /* VCC.app */;
			productType = "com.apple.product-type.application";
		};
/* End PBXNativeTarget section */

/* Begin PBXProject section */
		C419F08F2202FBFC00D881F1 /* Project object */ = {
			isa = PBXProject;
			attributes = {
				LastSwiftUpdateCheck = 1010;
				LastUpgradeCheck = 1010;
				ORGANIZATIONNAME = "Djuro Alfirevic";
				TargetAttributes = {
					C419F0962202FBFC00D881F1 = {
						CreatedOnToolsVersion = 10.1;
					};
				};
			};
			buildConfigurationList = C419F0922202FBFC00D881F1 /* Build configuration list for PBXProject "VCC" */;
			compatibilityVersion = "Xcode 9.3";
			developmentRegion = en;
			hasScannedForEncodings = 0;
			knownRegions = (
				en,
				Base,
			);
			mainGroup = C419F08E2202FBFC00D881F1;
			productRefGroup = C419F0982202FBFC00D881F1 /* Products */;
			projectDirPath = "";
			projectRoot = "";
			targets = (
				C419F0962202FBFC00D881F1 /* VCC */,
			);
		};
/* End PBXProject section */

/* Begin PBXResourcesBuildPhase section */
		C419F0952202FBFC00D881F1 /* Resources */ = {
			isa = PBXResourcesBuildPhase;
			buildActionMask = 2147483647;
			files = (
				C419F0A52202FBFE00D881F1 /* LaunchScreen.storyboard in Resources */,
				C419F0A22202FBFE00D881F1 /* Assets.xcassets in Resources */,
				C419F0A02202FBFC00D881F1 /* Main.storyboard in Resources */,
			);
			runOnlyForDeploymentPostprocessing = 0;
		};
/* End PBXResourcesBuildPhase section */

/* Begin PBXSourcesBuildPhase section */
		C419F0932202FBFC00D881F1 /* Sources */ = {
			isa = PBXSourcesBuildPhase;
			buildActionMask = 2147483647;
			files = (
				C419F0BE2202FF5300D881F1 /* StringReceiverViewController.swift in Sources */,
				C419F0C5220303B900D881F1 /* WelcomeViewController.swift in Sources */,
				C419F0C9220307FF00D881F1 /* UIView+Extensions.swift in Sources */,
				C419F0BC2202FEFD00D881F1 /* DataReceiver.swift in Sources */,
				C419F0CE220329EC00D881F1 /* ModalViewController.swift in Sources */,
				C419F09D2202FBFC00D881F1 /* CoordinatorViewController.swift in Sources */,
				C419F0C32203020000D881F1 /* UIViewController+Extensions.swift in Sources */,
				C419F0C7220306BA00D881F1 /* HomeViewController.swift in Sources */,
				C419F0CC220329D200D881F1 /* AppDelegate+Extensions.swift in Sources */,
				C419F09B2202FBFC00D881F1 /* AppDelegate.swift in Sources */,
				C419F0B82202FDC400D881F1 /* Storyboarded.swift in Sources */,
			);
			runOnlyForDeploymentPostprocessing = 0;
		};
/* End PBXSourcesBuildPhase section */

/* Begin PBXVariantGroup section */
		C419F09E2202FBFC00D881F1 /* Main.storyboard */ = {
			isa = PBXVariantGroup;
			children = (
				C419F09F2202FBFC00D881F1 /* Base */,
			);
			name = Main.storyboard;
			sourceTree = "<group>";
		};
		C419F0A32202FBFE00D881F1 /* LaunchScreen.storyboard */ = {
			isa = PBXVariantGroup;
			children = (
				C419F0A42202FBFE00D881F1 /* Base */,
			);
			name = LaunchScreen.storyboard;
			sourceTree = "<group>";
		};
/* End PBXVariantGroup section */

/* Begin XCBuildConfiguration section */
		C419F0A72202FBFE00D881F1 /* Debug */ = {
			isa = XCBuildConfiguration;
			buildSettings = {
				ALWAYS_SEARCH_USER_PATHS = NO;
				CLANG_ANALYZER_NONNULL = YES;
				CLANG_ANALYZER_NUMBER_OBJECT_CONVERSION = YES_AGGRESSIVE;
				CLANG_CXX_LANGUAGE_STANDARD = "gnu++14";
				CLANG_CXX_LIBRARY = "libc++";
				CLANG_ENABLE_MODULES = YES;
				CLANG_ENABLE_OBJC_ARC = YES;
				CLANG_ENABLE_OBJC_WEAK = YES;
				CLANG_WARN_BLOCK_CAPTURE_AUTORELEASING = YES;
				CLANG_WARN_BOOL_CONVERSION = YES;
				CLANG_WARN_COMMA = YES;
				CLANG_WARN_CONSTANT_CONVERSION = YES;
				CLANG_WARN_DEPRECATED_OBJC_IMPLEMENTATIONS = YES;
				CLANG_WARN_DIRECT_OBJC_ISA_USAGE = YES_ERROR;
				CLANG_WARN_DOCUMENTATION_COMMENTS = YES;
				CLANG_WARN_EMPTY_BODY = YES;
				CLANG_WARN_ENUM_CONVERSION = YES;
				CLANG_WARN_INFINITE_RECURSION = YES;
				CLANG_WARN_INT_CONVERSION = YES;
				CLANG_WARN_NON_LITERAL_NULL_CONVERSION = YES;
				CLANG_WARN_OBJC_IMPLICIT_RETAIN_SELF = YES;
				CLANG_WARN_OBJC_LITERAL_CONVERSION = YES;
				CLANG_WARN_OBJC_ROOT_CLASS = YES_ERROR;
				CLANG_WARN_RANGE_LOOP_ANALYSIS = YES;
				CLANG_WARN_STRICT_PROTOTYPES = YES;
				CLANG_WARN_SUSPICIOUS_MOVE = YES;
				CLANG_WARN_UNGUARDED_AVAILABILITY = YES_AGGRESSIVE;
				CLANG_WARN_UNREACHABLE_CODE = YES;
				CLANG_WARN__DUPLICATE_METHOD_MATCH = YES;
				CODE_SIGN_IDENTITY = "iPhone Developer";
				COPY_PHASE_STRIP = NO;
				DEBUG_INFORMATION_FORMAT = dwarf;
				ENABLE_STRICT_OBJC_MSGSEND = YES;
				ENABLE_TESTABILITY = YES;
				GCC_C_LANGUAGE_STANDARD = gnu11;
				GCC_DYNAMIC_NO_PIC = NO;
				GCC_NO_COMMON_BLOCKS = YES;
				GCC_OPTIMIZATION_LEVEL = 0;
				GCC_PREPROCESSOR_DEFINITIONS = (
					"DEBUG=1",
					"$(inherited)",
				);
				GCC_WARN_64_TO_32_BIT_CONVERSION = YES;
				GCC_WARN_ABOUT_RETURN_TYPE = YES_ERROR;
				GCC_WARN_UNDECLARED_SELECTOR = YES;
				GCC_WARN_UNINITIALIZED_AUTOS = YES_AGGRESSIVE;
				GCC_WARN_UNUSED_FUNCTION = YES;
				GCC_WARN_UNUSED_VARIABLE = YES;
				IPHONEOS_DEPLOYMENT_TARGET = 12.1;
				MTL_ENABLE_DEBUG_INFO = INCLUDE_SOURCE;
				MTL_FAST_MATH = YES;
				ONLY_ACTIVE_ARCH = YES;
				SDKROOT = iphoneos;
				SWIFT_ACTIVE_COMPILATION_CONDITIONS = DEBUG;
				SWIFT_OPTIMIZATION_LEVEL = "-Onone";
			};
			name = Debug;
		};
		C419F0A82202FBFE00D881F1 /* Release */ = {
			isa = XCBuildConfiguration;
			buildSettings = {
				ALWAYS_SEARCH_USER_PATHS = NO;
				CLANG_ANALYZER_NONNULL = YES;
				CLANG_ANALYZER_NUMBER_OBJECT_CONVERSION = YES_AGGRESSIVE;
				CLANG_CXX_LANGUAGE_STANDARD = "gnu++14";
				CLANG_CXX_LIBRARY = "libc++";
				CLANG_ENABLE_MODULES = YES;
				CLANG_ENABLE_OBJC_ARC = YES;
				CLANG_ENABLE_OBJC_WEAK = YES;
				CLANG_WARN_BLOCK_CAPTURE_AUTORELEASING = YES;
				CLANG_WARN_BOOL_CONVERSION = YES;
				CLANG_WARN_COMMA = YES;
				CLANG_WARN_CONSTANT_CONVERSION = YES;
				CLANG_WARN_DEPRECATED_OBJC_IMPLEMENTATIONS = YES;
				CLANG_WARN_DIRECT_OBJC_ISA_USAGE = YES_ERROR;
				CLANG_WARN_DOCUMENTATION_COMMENTS = YES;
				CLANG_WARN_EMPTY_BODY = YES;
				CLANG_WARN_ENUM_CONVERSION = YES;
				CLANG_WARN_INFINITE_RECURSION = YES;
				CLANG_WARN_INT_CONVERSION = YES;
				CLANG_WARN_NON_LITERAL_NULL_CONVERSION = YES;
				CLANG_WARN_OBJC_IMPLICIT_RETAIN_SELF = YES;
				CLANG_WARN_OBJC_LITERAL_CONVERSION = YES;
				CLANG_WARN_OBJC_ROOT_CLASS = YES_ERROR;
				CLANG_WARN_RANGE_LOOP_ANALYSIS = YES;
				CLANG_WARN_STRICT_PROTOTYPES = YES;
				CLANG_WARN_SUSPICIOUS_MOVE = YES;
				CLANG_WARN_UNGUARDED_AVAILABILITY = YES_AGGRESSIVE;
				CLANG_WARN_UNREACHABLE_CODE = YES;
				CLANG_WARN__DUPLICATE_METHOD_MATCH = YES;
				CODE_SIGN_IDENTITY = "iPhone Developer";
				COPY_PHASE_STRIP = NO;
				DEBUG_INFORMATION_FORMAT = "dwarf-with-dsym";
				ENABLE_NS_ASSERTIONS = NO;
				ENABLE_STRICT_OBJC_MSGSEND = YES;
				GCC_C_LANGUAGE_STANDARD = gnu11;
				GCC_NO_COMMON_BLOCKS = YES;
				GCC_WARN_64_TO_32_BIT_CONVERSION = YES;
				GCC_WARN_ABOUT_RETURN_TYPE = YES_ERROR;
				GCC_WARN_UNDECLARED_SELECTOR = YES;
				GCC_WARN_UNINITIALIZED_AUTOS = YES_AGGRESSIVE;
				GCC_WARN_UNUSED_FUNCTION = YES;
				GCC_WARN_UNUSED_VARIABLE = YES;
				IPHONEOS_DEPLOYMENT_TARGET = 12.1;
				MTL_ENABLE_DEBUG_INFO = NO;
				MTL_FAST_MATH = YES;
				SDKROOT = iphoneos;
				SWIFT_COMPILATION_MODE = wholemodule;
				SWIFT_OPTIMIZATION_LEVEL = "-O";
				VALIDATE_PRODUCT = YES;
			};
			name = Release;
		};
		C419F0AA2202FBFE00D881F1 /* Debug */ = {
			isa = XCBuildConfiguration;
			buildSettings = {
				ASSETCATALOG_COMPILER_APPICON_NAME = AppIcon;
				CODE_SIGN_STYLE = Automatic;
				INFOPLIST_FILE = VCC/Info.plist;
				LD_RUNPATH_SEARCH_PATHS = (
					"$(inherited)",
					"@executable_path/Frameworks",
				);
				PRODUCT_BUNDLE_IDENTIFIER = rs.holycode.VCC;
				PRODUCT_NAME = "$(TARGET_NAME)";
				SWIFT_VERSION = 4.2;
				TARGETED_DEVICE_FAMILY = "1,2";
			};
			name = Debug;
		};
		C419F0AB2202FBFE00D881F1 /* Release */ = {
			isa = XCBuildConfiguration;
			buildSettings = {
				ASSETCATALOG_COMPILER_APPICON_NAME = AppIcon;
				CODE_SIGN_STYLE = Automatic;
				INFOPLIST_FILE = VCC/Info.plist;
				LD_RUNPATH_SEARCH_PATHS = (
					"$(inherited)",
					"@executable_path/Frameworks",
				);
				PRODUCT_BUNDLE_IDENTIFIER = rs.holycode.VCC;
				PRODUCT_NAME = "$(TARGET_NAME)";
				SWIFT_VERSION = 4.2;
				TARGETED_DEVICE_FAMILY = "1,2";
			};
			name = Release;
		};
/* End XCBuildConfiguration section */

/* Begin XCConfigurationList section */
		C419F0922202FBFC00D881F1 /* Build configuration list for PBXProject "VCC" */ = {
			isa = XCConfigurationList;
			buildConfigurations = (
				C419F0A72202FBFE00D881F1 /* Debug */,
				C419F0A82202FBFE00D881F1 /* Release */,
			);
			defaultConfigurationIsVisible = 0;
			defaultConfigurationName = Release;
		};
		C419F0A92202FBFE00D881F1 /* Build configuration list for PBXNativeTarget "VCC" */ = {
			isa = XCConfigurationList;
			buildConfigurations = (
				C419F0AA2202FBFE00D881F1 /* Debug */,
				C419F0AB2202FBFE00D881F1 /* Release */,
			);
			defaultConfigurationIsVisible = 0;
			defaultConfigurationName = Release;
		};
/* End XCConfigurationList section */
	};
	rootObject = C419F08F2202FBFC00D881F1 /* Project object */;
}
